{
  "manifest_version": 1,
  "generated": "2026-10-01",
  "description": "Pinned inputs for the experimental Nuvio PS5 integration; no implicit latest dependencies.",
  "checksum_policy": {
    "statement": "SHA-256 pins recorded locally from version-pinned downloads; not maintainer signatures.",
    "how_recorded": "scripts/build.py verifies each archive before extracting.",
    "upstream_signatures": "none published",
    "locally_recorded": true
  },
  "artifacts": [
    {
      "id": "ps5-payload-sdk-prebuilt",
      "kind": "release-archive",
      "role": "Primary toolchain. Prebuilt sysroot (headers, crt objects, stub libs) + host wrapper scripts (prospero-clang, prospero-lld, prospero-deploy).",
      "url": "https://github.com/ps5-payload-dev/sdk/releases/download/v0.43/ps5-payload-sdk.zip",
      "tag": "v0.43",
      "published": "2026-08-29T17:27:58Z",
      "sha256": "a9cc9929f21b2b2c5d5b309f3bab4997067c45281c0622cf4838b1aecba66fcb",
      "size_bytes": 8814217,
      "retrieved": "2026-09-29",
      "license": "GPL-3.0-or-later (include/freebsd/ is BSD)",
      "evidence": "[LOCALLY RECORDED] sha256 computed on the host during this repo's initial setup; no upstream checksum exists.",
      "notes": [
        "Explicit LLVM_CONFIG selects the verified host LLVM. SDK knowledge of firmware is not console compatibility."
      ]
    },
    {
      "id": "nuvio-tv-source",
      "kind": "source-archive",
      "role": "Pinned source patched by scripts/build.py.",
      "url": "https://codeload.github.com/NuvioMedia/NuvioTVSmart/tar.gz/48a94b347837965e2e052f82707820c0dd7c8028",
      "commit": "48a94b347837965e2e052f82707820c0dd7c8028",
      "sha256": "317083d3b58b4324091541fcef186d86791b5bf879e8c1a3fad133e3fed5d593",
      "size_bytes": 6720198,
      "cache_file": "nuvio-tv-source.tar.gz",
      "directory": "NuvioTVSmart-48a94b347837965e2e052f82707820c0dd7c8028",
      "retrieved": "2026-10-01",
      "license": "GPL-3.0",
      "evidence": "[SOURCE-VERIFIED] Inspected pinned source; checksum recorded locally. Not firmware validation."
    },
    {
      "id": "evo-player-nuvio-source",
      "kind": "source-archive",
      "role": "Pinned source patched by scripts/build.py.",
      "url": "https://codeload.github.com/sainsaji/EVO-PLAYER-PS5/tar.gz/21524a4a6effa65312be2026042e44a96efca4c6",
      "commit": "21524a4a6effa65312be2026042e44a96efca4c6",
      "sha256": "fb9255e5e1698194129ef88402a2d9fc89ba37fa97af23bc8c65c584f9506126",
      "size_bytes": 12923532,
      "cache_file": "evo-player-nuvio-source.tar.gz",
      "directory": "EVO-PLAYER-PS5-21524a4a6effa65312be2026042e44a96efca4c6",
      "retrieved": "2026-10-01",
      "license": "GPL-3.0-or-later",
      "evidence": "[SOURCE-VERIFIED] Inspected pinned source; checksum recorded locally. Not firmware validation."
    },
    {
      "id": "nuvio-pacbrew",
      "kind": "release-archive",
      "role": "Optional Nuvio target library prefix; host tools and SDK are not taken from this archive.",
      "url": "https://github.com/ps5-payload-dev/pacbrew-repo/releases/download/v0.39/ps5-payload-dev.tar.gz",
      "tag": "v0.39",
      "sha256": "14ac4113523ed61bc1d42a0d0b7b8981b2bc6aac35a68949c169b0ed0aaf5cdb",
      "size_bytes": 341484041,
      "cache_file": "pacbrew-v0.39.tar.gz",
      "retrieved": "2026-10-01",
      "license": "Mixed upstream library licenses; see included target prefix",
      "evidence": "[SOURCE-VERIFIED] SHA256 recorded locally and agrees with GitHub asset digest."
    },
    {
      "id": "nuvio-official-tv-config",
      "version": "1.2.1",
      "url": "https://github.com/NuvioMedia/NuvioTVSmart/releases/download/1.2.1/NuvioTV-Tizen-1.2.1.wgt",
      "sha256": "01750c996e8b270fb9a33b35e045c4268ee5d7c6405679f33bdf3e0958ee8066",
      "cache_file": "NuvioTV-Tizen-1.2.1.wgt",
      "optional": true,
      "kind": "release-archive",
      "license": "GPL-3.0-or-later",
      "retrieved": "2026-10-01",
      "evidence": "[LOCALLY RECORDED] sha256 computed from version-pinned download; no upstream-published checksum.",
      "role": "Locally recorded checksum, not upstream-published. Extract only shipped public browser configuration for official TV login; no Tizen executables are installed."
    },
    {
      "id": "nuvio-klogsrv",
      "version": "v0.9",
      "url": "https://github.com/ps5-payload-dev/klogsrv/releases/download/v0.9/klogsrv-ps5.elf",
      "sha256": "e828ec144231f81547cb58bc7d2c396fa984be0c2295f31364b58017816dcceb",
      "cache_file": "klogsrv-ps5.elf",
      "optional": true,
      "kind": "release-elf",
      "license": "GPL-3.0-or-later",
      "retrieved": "2026-10-01",
      "evidence": "[LOCALLY RECORDED] sha256 computed from version-pinned download; no upstream-published checksum.",
      "role": "Locally recorded checksum, not upstream-published. Diagnostic payload actually used in the Nuvio hardware session."
    }
  ],
  "host_requirements": [
    {
      "id": "python",
      "version": "3.13.7",
      "minimum": "3.12",
      "why": "stdlib host scripts use tarfile data filtering and pathlib confinement"
    },
    {
      "id": "node",
      "version": "22.23.2",
      "why": "Nuvio npm-ci build and host bridge regressions"
    },
    {
      "id": "llvm-lld",
      "version": "23.1.2",
      "why": "macOS cross compile/link"
    },
    {
      "id": "coreutils",
      "why": "GNU host tools required by pinned upstream build"
    }
  ]
}
